{
  "requires": true,
  "lockfileVersion": 1,
  "dependencies": {
    "intervalometer": {
      "version": "1.0.5",
      "resolved": "https://registry.npmjs.org/intervalometer/-/intervalometer-1.0.5.tgz",
      "integrity": "sha512-JzEThNp7ZB26jJYQTTLZ0SCSr5cfOKS5EBOJ77ff6ba66IW59hRD3P66Ailv82XAG+ISsMGGNQohC1fOYjjeWw=="
    },
    "iphone-inline-video": {
      "version": "2.2.2",
      "resolved": "https://registry.npmjs.org/iphone-inline-video/-/iphone-inline-video-2.2.2.tgz",
      "integrity": "sha1-tc2NU9DGD7yxJIz9u+RNNv9hD7I=",
      "requires": {
        "intervalometer": "^1.0.4",
        "poor-mans-symbol": "^1.0.1"
      }
    },
    "jquery": {
      "version": "3.4.1",
      "resolved": "https://registry.npmjs.org/jquery/-/jquery-3.4.1.tgz",
      "integrity": "sha512-36+AdBzCL+y6qjw5Tx7HgzeGCzC81MDDgaUP8ld2zhx58HdqXGoBd+tHdrBMiyjGQs0Hxs/MLZTu/eHNJJuWPw=="
    },
    "jquery-loading": {
      "version": "0.2.8",
      "resolved": "https://registry.npmjs.org/jquery-loading/-/jquery-loading-0.2.8.tgz",
      "integrity": "sha1-kbwUcFXdakbz8aTZIylfCkbP8f8=",
      "requires": {
        "jquery": "*"
      }
    },
    "poor-mans-symbol": {
      "version": "1.0.1",
      "resolved": "https://registry.npmjs.org/poor-mans-symbol/-/poor-mans-symbol-1.0.1.tgz",
      "integrity": "sha1-DBtl/x1JwHQCsiNeViB30SBnHQw="
    },
    "three": {
      "version": "0.109.0",
      "resolved": "https://registry.npmjs.org/three/-/three-0.109.0.tgz",
      "integrity": "sha512-XT99T3Hvgh2CEvwPdHYEunNE+clLK6KiT1U8En7YOgIqTUw4MrLeIc8zxQAJ6wbP8hhJaY5+Cff3jwBPpBa0gA=="
    }
  }
}
