{
  "requires": true,
  "lockfileVersion": 1,
  "dependencies": {
    "jquery": {
      "version": "3.4.1",
      "resolved": "https://registry.npmjs.org/jquery/-/jquery-3.4.1.tgz",
      "integrity": "sha512-36+AdBzCL+y6qjw5Tx7HgzeGCzC81MDDgaUP8ld2zhx58HdqXGoBd+tHdrBMiyjGQs0Hxs/MLZTu/eHNJJuWPw=="
    },
    "jquery-loading": {
      "version": "0.2.8",
      "resolved": "https://registry.npmjs.org/jquery-loading/-/jquery-loading-0.2.8.tgz",
      "integrity": "sha1-kbwUcFXdakbz8aTZIylfCkbP8f8=",
      "requires": {
        "jquery": "*"
      }
    },
    "three": {
      "version": "0.109.0",
      "resolved": "https://registry.npmjs.org/three/-/three-0.109.0.tgz",
      "integrity": "sha512-XT99T3Hvgh2CEvwPdHYEunNE+clLK6KiT1U8En7YOgIqTUw4MrLeIc8zxQAJ6wbP8hhJaY5+Cff3jwBPpBa0gA=="
    }
  }
}
